
Microsoft Visual Studio Solution File, Format Version 12.00
# Visual Studio Version 17
VisualStudioVersion = 17.5.33516.290
MinimumVisualStudioVersion = 10.0.40219.1
Project("{9A19103F-16F7-4668-BE54-9A1E7A4F7556}") = "Cashbook", "cashbook\Cashbook.csproj", "{D1EAB2AA-4FAF-40DC-AA96-9928025F0D1A}"
EndProject
Project("{2150E333-8FDC-42A3-9474-1A3956D46DE8}") = "dictionary", "dictionary", "{F4CE33B4-51E8-475D-B2D0-74B20CC785C9}"
EndProject
Project("{9A19103F-16F7-4668-BE54-9A1E7A4F7556}") = "TestCashbook", "TestCashbook\TestCashbook.csproj", "{4A6EFA8C-1F8F-412C-9D5F-9960068A883B}"
	ProjectSection(ProjectDependencies) = postProject
		{D1EAB2AA-4FAF-40DC-AA96-9928025F0D1A} = {D1EAB2AA-4FAF-40DC-AA96-9928025F0D1A}
	EndProjectSection
EndProject
Project("{2150E333-8FDC-42A3-9474-1A3956D46DE8}") = "Solution Items", "Solution Items", "{39D69C65-582D-4FAC-BB61-CCD0D3C8736F}"
	ProjectSection(SolutionItems) = preProject
		.editorconfig = .editorconfig
	EndProjectSection
EndProject
Project("{2150E333-8FDC-42A3-9474-1A3956D46DE8}") = "ソリューション項目", "ソリューション項目", "{5D5B74D0-6E94-4F57-8561-BE16F26B91D7}"
	ProjectSection(SolutionItems) = preProject
		OpenCover.bat = OpenCover.bat
	EndProjectSection
EndProject
Global
	GlobalSection(SolutionConfigurationPlatforms) = preSolution
		Debug|Any CPU = Debug|Any CPU
		Release|Any CPU = Release|Any CPU
	EndGlobalSection
	GlobalSection(ProjectConfigurationPlatforms) = postSolution
		{D1EAB2AA-4FAF-40DC-AA96-9928025F0D1A}.Debug|Any CPU.ActiveCfg = Debug|Any CPU
		{D1EAB2AA-4FAF-40DC-AA96-9928025F0D1A}.Debug|Any CPU.Build.0 = Debug|Any CPU
		{D1EAB2AA-4FAF-40DC-AA96-9928025F0D1A}.Release|Any CPU.ActiveCfg = Release|Any CPU
		{D1EAB2AA-4FAF-40DC-AA96-9928025F0D1A}.Release|Any CPU.Build.0 = Release|Any CPU
		{4A6EFA8C-1F8F-412C-9D5F-9960068A883B}.Debug|Any CPU.ActiveCfg = Debug|Any CPU
		{4A6EFA8C-1F8F-412C-9D5F-9960068A883B}.Debug|Any CPU.Build.0 = Debug|Any CPU
		{4A6EFA8C-1F8F-412C-9D5F-9960068A883B}.Release|Any CPU.ActiveCfg = Release|Any CPU
		{4A6EFA8C-1F8F-412C-9D5F-9960068A883B}.Release|Any CPU.Build.0 = Release|Any CPU
	EndGlobalSection
	GlobalSection(SolutionProperties) = preSolution
		HideSolutionNode = FALSE
	EndGlobalSection
	GlobalSection(ExtensibilityGlobals) = postSolution
		SolutionGuid = {10CACA7F-636A-4A9C-84BE-C4FF79200C63}
	EndGlobalSection
EndGlobal
